<?xml version="1.0" encoding="utf-8"?>
<Project ToolsVersion="4.0" xmlns="http://schemas.microsoft.com/developer/msbuild/2003">
  <ItemGroup>
    <ClCompile Include="Button_Input.cpp" />
    <ClCompile Include="Checkbox.cpp" />
    <ClCompile Include="Image.cpp" />
    <ClCompile Include="j1App.cpp" />
    <ClCompile Include="j1Audio.cpp" />
    <ClCompile Include="j1Fonts.cpp" />
    <ClCompile Include="j1Input.cpp" />
    <ClCompile Include="j1Pathfinding.cpp" />
    <ClCompile Include="j1PerfTimer.cpp" />
    <ClCompile Include="j1Render.cpp" />
    <ClCompile Include="j1Scene.cpp" />
    <ClCompile Include="j1Textures.cpp" />
    <ClCompile Include="j1Timer.cpp" />
    <ClCompile Include="j1Window.cpp" />
    <ClCompile Include="Label.cpp" />
    <ClCompile Include="Main.cpp" />
    <ClCompile Include="Module_UI.cpp" />
    <ClCompile Include="Object.cpp" />
    <ClCompile Include="ObjectManager.cpp" />
    <ClCompile Include="p2Log.cpp" />
    <ClCompile Include="PugiXml\src\pugixml.cpp" />
    <ClCompile Include="Tesla_Trooper.cpp" />
    <ClCompile Include="Slider.cpp" />
    <ClCompile Include="Text_Panel.cpp" />
    <ClCompile Include="UI_Object.cpp" />
    <ClCompile Include="UI_Test.cpp" />
  </ItemGroup>
  <ItemGroup>
    <ClInclude Include="Animation.h" />
    <ClInclude Include="Button_Input.h" />
    <ClInclude Include="Checkbox.h" />
    <ClInclude Include="Image.h" />
    <ClInclude Include="j1App.h" />
    <ClInclude Include="j1Audio.h" />
    <ClInclude Include="j1Fonts.h" />
    <ClInclude Include="j1Input.h" />
    <ClInclude Include="j1Module.h" />
    <ClInclude Include="j1Pathfinding.h" />
    <ClInclude Include="j1PerfTimer.h" />
    <ClInclude Include="j1Render.h" />
    <ClInclude Include="j1Scene.h" />
    <ClInclude Include="j1Textures.h" />
    <ClInclude Include="j1Timer.h" />
    <ClInclude Include="j1Window.h" />
    <ClInclude Include="Label.h" />
    <ClInclude Include="Module_UI.h" />
    <ClInclude Include="Object.h" />
    <ClInclude Include="ObjectManager.h" />
    <ClInclude Include="p2Defs.h" />
    <ClInclude Include="p2Log.h" />
    <ClInclude Include="p2Point.h" />
    <ClInclude Include="PugiXml\src\pugiconfig.hpp" />
    <ClInclude Include="PugiXml\src\pugixml.hpp" />
    <ClInclude Include="Tesla_Trooper.h" />
    <ClInclude Include="Slider.h" />
    <ClInclude Include="Text_Panel.h" />
    <ClInclude Include="UI_Object.h" />
    <ClInclude Include="UI_Test.h" />
  </ItemGroup>
  <ItemGroup>
    <Xml Include="..\Game\config.xml" />
  </ItemGroup>
</Project>