<?xml version="1.0" encoding="utf-8"?>
<Project ToolsVersion="4.0" xmlns="http://schemas.microsoft.com/developer/msbuild/2003">
  <ItemGroup>
    <ClCompile Include="Main.cpp" />
    <ClCompile Include="PugiXml\src\pugixml.cpp">
      <Filter>Tools\pugixml</Filter>
    </ClCompile>
    <ClCompile Include="Obj_Tank.cpp">
      <Filter>Modules\Objects</Filter>
    </ClCompile>
    <ClCompile Include="M_Audio.cpp">
      <Filter>Modules</Filter>
    </ClCompile>
    <ClCompile Include="M_Fonts.cpp">
      <Filter>Modules</Filter>
    </ClCompile>
    <ClCompile Include="M_Input.cpp">
      <Filter>Modules</Filter>
    </ClCompile>
    <ClCompile Include="M_Pathfinding.cpp">
      <Filter>Modules</Filter>
    </ClCompile>
    <ClCompile Include="M_Render.cpp">
      <Filter>Modules</Filter>
    </ClCompile>
    <ClCompile Include="M_Scene.cpp">
      <Filter>Modules</Filter>
    </ClCompile>
    <ClCompile Include="M_Textures.cpp">
      <Filter>Modules</Filter>
    </ClCompile>
    <ClCompile Include="M_Window.cpp">
      <Filter>Modules</Filter>
    </ClCompile>
    <ClCompile Include="M_UI.cpp">
      <Filter>Modules</Filter>
    </ClCompile>
    <ClCompile Include="Object.cpp">
      <Filter>Modules\Objects</Filter>
    </ClCompile>
    <ClCompile Include="M_ObjManager.cpp">
      <Filter>Modules</Filter>
    </ClCompile>
    <ClCompile Include="M_SceneManager.cpp">
      <Filter>Modules</Filter>
    </ClCompile>
    <ClCompile Include="M_UITest.cpp">
      <Filter>Modules</Filter>
    </ClCompile>
    <ClCompile Include="M_Map.cpp">
      <Filter>Modules</Filter>
    </ClCompile>
    <ClCompile Include="App.cpp" />
    <ClCompile Include="Obj_TeslaTrooper.cpp">
      <Filter>Modules\Objects</Filter>
    </ClCompile>
    <ClCompile Include="Obj_BasicShoot.cpp">
      <Filter>Modules\Objects</Filter>
    </ClCompile>
    <ClCompile Include="UI_Button.cpp">
      <Filter>Modules\UI</Filter>
    </ClCompile>
    <ClCompile Include="UI_Checkbox.cpp">
      <Filter>Modules\UI</Filter>
    </ClCompile>
    <ClCompile Include="UI_Image.cpp">
      <Filter>Modules\UI</Filter>
    </ClCompile>
    <ClCompile Include="UI_Label.cpp">
      <Filter>Modules\UI</Filter>
    </ClCompile>
    <ClCompile Include="UI_Slider.cpp">
      <Filter>Modules\UI</Filter>
    </ClCompile>
    <ClCompile Include="UI_TextPanel.cpp">
      <Filter>Modules\UI</Filter>
    </ClCompile>
    <ClCompile Include="UI_Element.cpp">
      <Filter>Modules\UI</Filter>
    </ClCompile>
    <ClCompile Include="PerfTimer.cpp">
      <Filter>Tools\Timers</Filter>
    </ClCompile>
    <ClCompile Include="Timer.cpp">
      <Filter>Tools\Timers</Filter>
    </ClCompile>
    <ClCompile Include="Log.cpp">
      <Filter>Utils</Filter>
    </ClCompile>
    <ClCompile Include="Obj_Weapon.cpp">
      <Filter>Modules\Objects</Filter>
    </ClCompile>
  </ItemGroup>
  <ItemGroup>
    <ClInclude Include="Animation.h">
      <Filter>Tools</Filter>
    </ClInclude>
    <ClInclude Include="PugiXml\src\pugixml.hpp">
      <Filter>Tools\pugixml</Filter>
    </ClInclude>
    <ClInclude Include="PugiXml\src\pugiconfig.hpp">
      <Filter>Tools\pugixml</Filter>
    </ClInclude>
    <ClInclude Include="Obj_Tank.h">
      <Filter>Modules\Objects</Filter>
    </ClInclude>
    <ClInclude Include="M_Audio.h">
      <Filter>Modules</Filter>
    </ClInclude>
    <ClInclude Include="M_Fonts.h">
      <Filter>Modules</Filter>
    </ClInclude>
    <ClInclude Include="M_Input.h">
      <Filter>Modules</Filter>
    </ClInclude>
    <ClInclude Include="M_Pathfinding.h">
      <Filter>Modules</Filter>
    </ClInclude>
    <ClInclude Include="M_Render.h">
      <Filter>Modules</Filter>
    </ClInclude>
    <ClInclude Include="M_Scene.h">
      <Filter>Modules</Filter>
    </ClInclude>
    <ClInclude Include="M_Textures.h">
      <Filter>Modules</Filter>
    </ClInclude>
    <ClInclude Include="M_Window.h">
      <Filter>Modules</Filter>
    </ClInclude>
    <ClInclude Include="M_UI.h">
      <Filter>Modules</Filter>
    </ClInclude>
    <ClInclude Include="Object.h">
      <Filter>Modules\Objects</Filter>
    </ClInclude>
    <ClInclude Include="M_ObjManager.h">
      <Filter>Modules</Filter>
    </ClInclude>
    <ClInclude Include="M_SceneManager.h">
      <Filter>Modules</Filter>
    </ClInclude>
    <ClInclude Include="M_UITest.h">
      <Filter>Modules</Filter>
    </ClInclude>
    <ClInclude Include="M_Map.h">
      <Filter>Modules</Filter>
    </ClInclude>
    <ClInclude Include="Module.h">
      <Filter>Modules</Filter>
    </ClInclude>
    <ClInclude Include="App.h" />
    <ClInclude Include="Obj_TeslaTrooper.h">
      <Filter>Modules\Objects</Filter>
    </ClInclude>
    <ClInclude Include="Obj_BasicShoot.h">
      <Filter>Modules\Objects</Filter>
    </ClInclude>
    <ClInclude Include="UI_Button.h">
      <Filter>Modules\UI</Filter>
    </ClInclude>
    <ClInclude Include="UI_Checkbox.h">
      <Filter>Modules\UI</Filter>
    </ClInclude>
    <ClInclude Include="UI_Image.h">
      <Filter>Modules\UI</Filter>
    </ClInclude>
    <ClInclude Include="UI_Label.h">
      <Filter>Modules\UI</Filter>
    </ClInclude>
    <ClInclude Include="UI_Slider.h">
      <Filter>Modules\UI</Filter>
    </ClInclude>
    <ClInclude Include="UI_TextPanel.h">
      <Filter>Modules\UI</Filter>
    </ClInclude>
    <ClInclude Include="UI_Element.h">
      <Filter>Modules\UI</Filter>
    </ClInclude>
    <ClInclude Include="PerfTimer.h">
      <Filter>Tools\Timers</Filter>
    </ClInclude>
    <ClInclude Include="Timer.h">
      <Filter>Tools\Timers</Filter>
    </ClInclude>
    <ClInclude Include="Defs.h">
      <Filter>Utils</Filter>
    </ClInclude>
    <ClInclude Include="Log.h">
      <Filter>Utils</Filter>
    </ClInclude>
    <ClInclude Include="Point.h">
      <Filter>Utils</Filter>
    </ClInclude>
    <ClInclude Include="Obj_Weapon.h">
      <Filter>Modules\Objects</Filter>
    </ClInclude>
  </ItemGroup>
  <ItemGroup>
    <Xml Include="..\Game\config.xml" />
  </ItemGroup>
  <ItemGroup>
    <Filter Include="Tools">
      <UniqueIdentifier>{d4c7e7c3-72bf-4107-8d08-0ae327873629}</UniqueIdentifier>
    </Filter>
    <Filter Include="Utils">
      <UniqueIdentifier>{97fa8477-870f-46d8-af8d-88f34e52dcbd}</UniqueIdentifier>
    </Filter>
    <Filter Include="Tools\pugixml">
      <UniqueIdentifier>{955f6afd-07b6-4448-b805-a9301bc9d5d8}</UniqueIdentifier>
    </Filter>
    <Filter Include="Tools\Timers">
      <UniqueIdentifier>{ca2a30d1-f23c-4275-b583-5b8a5abc980c}</UniqueIdentifier>
    </Filter>
    <Filter Include="Modules">
      <UniqueIdentifier>{c2bdac2d-285b-47c9-b0c3-1e66b630c4f3}</UniqueIdentifier>
    </Filter>
    <Filter Include="Modules\UI">
      <UniqueIdentifier>{444322c1-6d72-42bc-bc5f-8008ccc54cc3}</UniqueIdentifier>
    </Filter>
    <Filter Include="Modules\Objects">
      <UniqueIdentifier>{4792041f-ce51-4387-beaa-caae693b8a61}</UniqueIdentifier>
    </Filter>
  </ItemGroup>
</Project>